
Microsoft Visual Studio Solution File, Format Version 12.00
# Visual Studio Version 16
VisualStudioVersion = 16.0.31515.178
MinimumVisualStudioVersion = 10.0.40219.1
Project("{FAE04EC0-301F-11D3-BF4B-00C04F79EFBC}") = "MovablePanel", "MovablePanel\MovablePanel.csproj", "{E004E156-481D-41C1-BFFD-6328E0D5ABE8}"
EndProject
Global
	GlobalSection(SolutionConfigurationPlatforms) = preSolution
		Debug|Any CPU = Debug|Any CPU
		Release|Any CPU = Release|Any CPU
	EndGlobalSection
	GlobalSection(ProjectConfigurationPlatforms) = postSolution
		{E004E156-481D-41C1-BFFD-6328E0D5ABE8}.Debug|Any CPU.ActiveCfg = Debug|Any CPU
		{E004E156-481D-41C1-BFFD-6328E0D5ABE8}.Debug|Any CPU.Build.0 = Debug|Any CPU
		{E004E156-481D-41C1-BFFD-6328E0D5ABE8}.Release|Any CPU.ActiveCfg = Release|Any CPU
		{E004E156-481D-41C1-BFFD-6328E0D5ABE8}.Release|Any CPU.Build.0 = Release|Any CPU
	EndGlobalSection
	GlobalSection(SolutionProperties) = preSolution
		HideSolutionNode = FALSE
	EndGlobalSection
	GlobalSection(ExtensibilityGlobals) = postSolution
		SolutionGuid = {F6D7C416-0297-4C75-9B81-06725842B11F}
	EndGlobalSection
EndGlobal
